
Microsoft Visual Studio Solution File, Format Version 12.00
# Visual Studio Version 17
VisualStudioVersion = 17.14.36603.0 d17.14
MinimumVisualStudioVersion = 10.0.40219.1
Project("{FAE04EC0-301F-11D3-BF4B-00C04F79EFBC}") = "builtin_nightvision_flashlight", "builtin-nightvision-flashlight\builtin_nightvision_flashlight.csproj", "{56B4F4F2-3B4A-478C-B3AD-22F22694DB8D}"
EndProject
Global
	GlobalSection(SolutionConfigurationPlatforms) = preSolution
		Debug|Any CPU = Debug|Any CPU
		Release|Any CPU = Release|Any CPU
	EndGlobalSection
	GlobalSection(ProjectConfigurationPlatforms) = postSolution
		{56B4F4F2-3B4A-478C-B3AD-22F22694DB8D}.Debug|Any CPU.ActiveCfg = Debug|Any CPU
		{56B4F4F2-3B4A-478C-B3AD-22F22694DB8D}.Debug|Any CPU.Build.0 = Debug|Any CPU
		{56B4F4F2-3B4A-478C-B3AD-22F22694DB8D}.Release|Any CPU.ActiveCfg = Release|Any CPU
		{56B4F4F2-3B4A-478C-B3AD-22F22694DB8D}.Release|Any CPU.Build.0 = Release|Any CPU
	EndGlobalSection
	GlobalSection(SolutionProperties) = preSolution
		HideSolutionNode = FALSE
	EndGlobalSection
	GlobalSection(ExtensibilityGlobals) = postSolution
		SolutionGuid = {6A5D99CE-B4A3-4751-B737-9CD92BC7F4A8}
	EndGlobalSection
EndGlobal
